
Microsoft Visual Studio Solution File, Format Version 12.00
# Visual Studio Version 16
VisualStudioVersion = 16.0.29025.244
MinimumVisualStudioVersion = 10.0.40219.1
Project("{9A19103F-16F7-4668-BE54-9A1E7A4F7556}") = "RandomEnumerableExtensions", "RandomEnumerableExtensions\RandomEnumerableExtensions.csproj", "{FAFF037F-B94E-4D7F-B4FD-61D185BDFE2E}"
EndProject
Project("{FAE04EC0-301F-11D3-BF4B-00C04F79EFBC}") = "RandomEnumerableExtensions.Tests", "RandomEnumerableExtensions.Tests\RandomEnumerableExtensions.Tests.csproj", "{39994F20-E6F9-4D1D-889A-716FDE17C09F}"
EndProject
Global
	GlobalSection(SolutionConfigurationPlatforms) = preSolution
		Debug|Any CPU = Debug|Any CPU
		Release|Any CPU = Release|Any CPU
	EndGlobalSection
	GlobalSection(ProjectConfigurationPlatforms) = postSolution
		{FAFF037F-B94E-4D7F-B4FD-61D185BDFE2E}.Debug|Any CPU.ActiveCfg = Debug|Any CPU
		{FAFF037F-B94E-4D7F-B4FD-61D185BDFE2E}.Debug|Any CPU.Build.0 = Debug|Any CPU
		{FAFF037F-B94E-4D7F-B4FD-61D185BDFE2E}.Release|Any CPU.ActiveCfg = Release|Any CPU
		{FAFF037F-B94E-4D7F-B4FD-61D185BDFE2E}.Release|Any CPU.Build.0 = Release|Any CPU
		{39994F20-E6F9-4D1D-889A-716FDE17C09F}.Debug|Any CPU.ActiveCfg = Debug|Any CPU
		{39994F20-E6F9-4D1D-889A-716FDE17C09F}.Debug|Any CPU.Build.0 = Debug|Any CPU
		{39994F20-E6F9-4D1D-889A-716FDE17C09F}.Release|Any CPU.ActiveCfg = Release|Any CPU
		{39994F20-E6F9-4D1D-889A-716FDE17C09F}.Release|Any CPU.Build.0 = Release|Any CPU
	EndGlobalSection
	GlobalSection(SolutionProperties) = preSolution
		HideSolutionNode = FALSE
	EndGlobalSection
	GlobalSection(ExtensibilityGlobals) = postSolution
		SolutionGuid = {B39A7EF6-9957-4BB8-89E0-47122CABB386}
	EndGlobalSection
EndGlobal
